
Microsoft Visual Studio Solution File, Format Version 12.00
# Visual Studio Version 17
VisualStudioVersion = 17.3.32929.385
MinimumVisualStudioVersion = 10.0.40219.1
Project("{FAE04EC0-301F-11D3-BF4B-00C04F79EFBC}") = "CrestronMasters2023CSharpClass", "CrestronMasters2023CSharpClass\CrestronMasters2023CSharpClass.csproj", "{15058602-9704-433D-90A2-4CE26BB4718E}"
EndProject
Global
	GlobalSection(SolutionConfigurationPlatforms) = preSolution
		Debug|Any CPU = Debug|Any CPU
		Release|Any CPU = Release|Any CPU
	EndGlobalSection
	GlobalSection(ProjectConfigurationPlatforms) = postSolution
		{15058602-9704-433D-90A2-4CE26BB4718E}.Debug|Any CPU.ActiveCfg = Debug|Any CPU
		{15058602-9704-433D-90A2-4CE26BB4718E}.Debug|Any CPU.Build.0 = Debug|Any CPU
		{15058602-9704-433D-90A2-4CE26BB4718E}.Release|Any CPU.ActiveCfg = Release|Any CPU
		{15058602-9704-433D-90A2-4CE26BB4718E}.Release|Any CPU.Build.0 = Release|Any CPU
	EndGlobalSection
	GlobalSection(SolutionProperties) = preSolution
		HideSolutionNode = FALSE
	EndGlobalSection
	GlobalSection(ExtensibilityGlobals) = postSolution
		SolutionGuid = {8CDBFB17-5F39-4020-B184-CEF0E4C08244}
	EndGlobalSection
EndGlobal
